lockfileVersion: 5.4

specifiers:
  '@types/three': ^0.148.1
  benchmark: ^2.1.4
  gltf-validator: 2.0.0-dev.3.9
  three: ^0.148.0
  three-stdlib: ^2.21.6

devDependencies:
  '@types/three': 0.148.1
  benchmark: 2.1.4
  gltf-validator: 2.0.0-dev.3.9
  three: 0.148.0
  three-stdlib: 2.21.6_three@0.148.0

packages:

  /@babel/runtime/7.20.13:
    resolution: {integrity: sha512-gt3PKXs0DBoL9xCvOIIZ2NEqAGZqHjAnmVbfQtB620V0uReIQutpel14KcneZuer7UioY8ALKZ7iocavvzTNFA==}
    engines: {node: '>=6.9.0'}
    dependencies:
      regenerator-runtime: 0.13.11
    dev: true

  /@chevrotain/cst-dts-gen/10.4.2:
    resolution: {integrity: sha512-0+4bNjlndNWMoVLH/+y4uHnf6GrTipsC+YTppJxelVJo+xeRVQ0s2PpkdDCVTsu7efyj+8r1gFiwVXsp6JZ0iQ==}
    dependencies:
      '@chevrotain/gast': 10.4.2
      '@chevrotain/types': 10.4.2
      lodash: 4.17.21
    dev: true

  /@chevrotain/gast/10.4.2:
    resolution: {integrity: sha512-4ZAn8/mjkmYonilSJ60gGj1tAF0cVWYUMlIGA0e4ATAc3a648aCnvpBw7zlPHDQjFp50XC13iyWEgWAKiRKTOA==}
    dependencies:
      '@chevrotain/types': 10.4.2
      lodash: 4.17.21
    dev: true

  /@chevrotain/types/10.4.2:
    resolution: {integrity: sha512-QzSCjg6G4MvIoLeIgOiMR0IgzkGEQqrNJJIr3T5ETRa7l4Av4AMIiEctV99mvDr57iXwwk0/kr3RJxiU36Nevw==}
    dev: true

  /@chevrotain/utils/10.4.2:
    resolution: {integrity: sha512-V34dacxWLwKcvcy32dx96ADJVdB7kOJLm7LyBkBQw5u5HC9WdEFw2G17zml+U3ivavGTrGPJHl8o9/UJm0PlUw==}
    dev: true

  /@types/offscreencanvas/2019.7.0:
    resolution: {integrity: sha512-PGcyveRIpL1XIqK8eBsmRBt76eFgtzuPiSTyKHZxnGemp2yzGzWpjYKAfK3wIMiU7eH+851yEpiuP8JZerTmWg==}
    dev: true

  /@types/three/0.148.1:
    resolution: {integrity: sha512-gZwIyTBMxKXqJHXmZ0dzvDieuQ4hz8MPNHtkRrAwER/xPlAh9eP2WIfaolvQY+wJAzlNV5a9ceS4JT+i/jybsw==}
    dependencies:
      '@types/webxr': 0.5.1
    dev: true

  /@types/webxr/0.5.1:
    resolution: {integrity: sha512-xlFXPfgJR5vIuDefhaHuUM9uUgvPaXB6GKdXy2gdEh8gBWQZ2ul24AJz3foUd8NNKlSTQuWYJpCb1/pL81m1KQ==}
    dev: true

  /@webgpu/glslang/0.0.15:
    resolution: {integrity: sha512-niT+Prh3Aff8Uf1MVBVUsaNjFj9rJAKDXuoHIKiQbB+6IUP/3J3JIhBNyZ7lDhytvXxw6ppgnwKZdDJ08UMj4Q==}
    dev: true

  /benchmark/2.1.4:
    resolution: {integrity: sha512-l9MlfN4M1K/H2fbhfMy3B7vJd6AGKJVQn2h6Sg/Yx+KckoUA7ewS5Vv6TjSq18ooE1kS9hhAlQRH3AkXIh/aOQ==}
    dependencies:
      lodash: 4.17.21
      platform: 1.3.6
    dev: true

  /chevrotain/10.4.2:
    resolution: {integrity: sha512-gzF5GxE0Ckti5kZVuKEZycLntB5X2aj9RVY0r4/220GwQjdnljU+/t3kP74/FMWC7IzCDDEjQ9wsFUf0WCdSHg==}
    dependencies:
      '@chevrotain/cst-dts-gen': 10.4.2
      '@chevrotain/gast': 10.4.2
      '@chevrotain/types': 10.4.2
      '@chevrotain/utils': 10.4.2
      lodash: 4.17.21
      regexp-to-ast: 0.5.0
    dev: true

  /draco3d/1.5.5:
    resolution: {integrity: sha512-JVuNV0EJzD3LBYhGyIXJLeBID/EVtmFO1ZNhAYflTgiMiAJlbhXQmRRda/azjc8MRVMHh0gqGhiqHUo5dIXM8Q==}
    dev: true

  /fflate/0.6.10:
    resolution: {integrity: sha512-IQrh3lEPM93wVCEczc9SaAOvkmcoQn/G8Bo1e8ZPlY3X3bnAxWaBdvTdvM1hP62iZp0BXWDy4vTAy4fF0+Dlpg==}
    dev: true

  /gltf-validator/2.0.0-dev.3.9:
    resolution: {integrity: sha512-9nPcAgYJwT6sbml7S3/tC+N/BkqTUSL1u8GcmUQLuwToLR0ZH8CF3i/BhVqDwlg7OmKS2GGjjEcnU/oMMeIQUQ==}
    dev: true

  /ktx-parse/0.4.5:
    resolution: {integrity: sha512-MK3FOody4TXbFf8Yqv7EBbySw7aPvEcPX++Ipt6Sox+/YMFvR5xaTyhfNSk1AEmMy+RYIw81ctN4IMxCB8OAlg==}
    dev: true

  /lodash/4.17.21:
    resolution: {integrity: sha512-v2kDEe57lecTulaDIuNTPy3Ry4gLGJ6Z1O3vE1krgXZNrsQ+LFTGHVxVjcXPs17LhbZVGedAJv8XZ1tvj5FvSg==}
    dev: true

  /mmd-parser/1.0.4:
    resolution: {integrity: sha512-Qi0VCU46t2IwfGv5KF0+D/t9cizcDug7qnNoy9Ggk7aucp0tssV8IwTMkBlDbm+VqAf3cdQHTCARKSsuS2MYFg==}
    dev: true

  /opentype.js/1.3.4:
    resolution: {integrity: sha512-d2JE9RP/6uagpQAVtJoF0pJJA/fgai89Cc50Yp0EJHk+eLp6QQ7gBoblsnubRULNY132I0J1QKMJ+JTbMqz4sw==}
    engines: {node: '>= 8.0.0'}
    hasBin: true
    dependencies:
      string.prototype.codepointat: 0.2.1
      tiny-inflate: 1.0.3
    dev: true

  /platform/1.3.6:
    resolution: {integrity: sha512-fnWVljUchTro6RiCFvCXBbNhJc2NijN7oIQxbwsyL0buWJPG85v81ehlHI9fXrJsMNgTofEoWIQeClKpgxFLrg==}
    dev: true

  /potpack/1.0.2:
    resolution: {integrity: sha512-choctRBIV9EMT9WGAZHn3V7t0Z2pMQyl0EZE6pFc/6ml3ssw7Dlf/oAOvFwjm1HVsqfQN8GfeFyJ+d8tRzqueQ==}
    dev: true

  /regenerator-runtime/0.13.11:
    resolution: {integrity: sha512-kY1AZVr2Ra+t+piVaJ4gxaFaReZVH40AKNo7UCX6W+dEwBo/2oZJzqfuN1qLq1oL45o56cPaTXELwrTh8Fpggg==}
    dev: true

  /regexp-to-ast/0.5.0:
    resolution: {integrity: sha512-tlbJqcMHnPKI9zSrystikWKwHkBqu2a/Sgw01h3zFjvYrMxEDYHzzoMZnUrbIfpTFEsoRnnviOXNCzFiSc54Qw==}
    dev: true

  /string.prototype.codepointat/0.2.1:
    resolution: {integrity: sha512-2cBVCj6I4IOvEnjgO/hWqXjqBGsY+zwPmHl12Srk9IXSZ56Jwwmy+66XO5Iut/oQVR7t5ihYdLB0GMa4alEUcg==}
    dev: true

  /three-stdlib/2.21.6_three@0.148.0:
    resolution: {integrity: sha512-J3DyCVKIpYJw7TWG4mQKKPpMgswq4pRRPMtxgipKedpUj8e4EgGtNLt623ws9RHvphPPamTHXacaEzOrm3dFsA==}
    peerDependencies:
      three: '>=0.122.0'
    dependencies:
      '@babel/runtime': 7.20.13
      '@types/offscreencanvas': 2019.7.0
      '@webgpu/glslang': 0.0.15
      chevrotain: 10.4.2
      draco3d: 1.5.5
      fflate: 0.6.10
      ktx-parse: 0.4.5
      mmd-parser: 1.0.4
      opentype.js: 1.3.4
      potpack: 1.0.2
      three: 0.148.0
      zstddec: 0.0.2
    dev: true

  /three/0.148.0:
    resolution: {integrity: sha512-8uzVV+qhTPi0bOFs/3te3RW6hb3urL8jYEl6irjCWo/l6sr8MPNMcClFev/MMYeIxr0gmDcoXTy/8LXh/LXkfw==}
    dev: true

  /tiny-inflate/1.0.3:
    resolution: {integrity: sha512-pkY1fj1cKHb2seWDy0B16HeWyczlJA9/WW3u3c4z/NiWDsO3DOU5D7nhTLE9CF0yXv/QZFY7sEJmj24dK+Rrqw==}
    dev: true

  /zstddec/0.0.2:
    resolution: {integrity: sha512-DCo0oxvcvOTGP/f5FA6tz2Z6wF+FIcEApSTu0zV5sQgn9hoT5lZ9YRAKUraxt9oP7l4e8TnNdi8IZTCX6WCkwA==}
    dev: true
